// !$*UTF8*$!
{
	archiveVersion = 1;
	classes = {
	};
	objectVersion = 55;
	objects = {

/* Begin PBXBuildFile section */
		EC2436CB284BCCEE0076BEAF /* AppDelegate.swift in Sources */ = {isa = PBXBuildFile; fileRef = EC2436CA284BCCEE0076BEAF /* AppDelegate.swift */; };
		EC2436CD284BCCEE0076BEAF /* SceneDelegate.swift in Sources */ = {isa = PBXBuildFile; fileRef = EC2436CC284BCCEE0076BEAF /* SceneDelegate.swift */; };
		EC2436CF284BCCEE0076BEAF /* MainViewController.swift in Sources */ = {isa = PBXBuildFile; fileRef = EC2436CE284BCCEE0076BEAF /* MainViewController.swift */; };
		EC2436D4284BCCF00076BEAF /* Assets.xcassets in Resources */ = {isa = PBXBuildFile; fileRef = EC2436D3284BCCF00076BEAF /* Assets.xcassets */; };
		EC2436D7284BCCF00076BEAF /* LaunchScreen.storyboard in Resources */ = {isa = PBXBuildFile; fileRef = EC2436D5284BCCF00076BEAF /* LaunchScreen.storyboard */; };
		EC2436E0284BD0450076BEAF /* UIColor.swift in Sources */ = {isa = PBXBuildFile; fileRef = EC2436DF284BD0450076BEAF /* UIColor.swift */; };
		EC2436E3284BD4E00076BEAF /* UILabel.swift in Sources */ = {isa = PBXBuildFile; fileRef = EC2436E2284BD4E00076BEAF /* UILabel.swift */; };
		EC2436E6284BD6090076BEAF /* SetupFont.swift in Sources */ = {isa = PBXBuildFile; fileRef = EC2436E5284BD6090076BEAF /* SetupFont.swift */; };
		EC2436EC284BD9830076BEAF /* UIStackView.swift in Sources */ = {isa = PBXBuildFile; fileRef = EC2436EB284BD9830076BEAF /* UIStackView.swift */; };
		EC2436EF284BE7580076BEAF /* UIButton.swift in Sources */ = {isa = PBXBuildFile; fileRef = EC2436EE284BE7580076BEAF /* UIButton.swift */; };
		EC2436F1284BF30C0076BEAF /* SetupColor.swift in Sources */ = {isa = PBXBuildFile; fileRef = EC2436F0284BF30C0076BEAF /* SetupColor.swift */; };
		EC2436F3284BF7080076BEAF /* LoginInViewController.swift in Sources */ = {isa = PBXBuildFile; fileRef = EC2436F2284BF7080076BEAF /* LoginInViewController.swift */; };
		EC2436F7284BFD1F0076BEAF /* SignUpViewController.swift in Sources */ = {isa = PBXBuildFile; fileRef = EC2436F6284BFD1F0076BEAF /* SignUpViewController.swift */; };
		EC2436FA284C97490076BEAF /* CustomTextField.swift in Sources */ = {isa = PBXBuildFile; fileRef = EC2436F9284C97490076BEAF /* CustomTextField.swift */; };
		EC2436FC284D18730076BEAF /* UIView.swift in Sources */ = {isa = PBXBuildFile; fileRef = EC2436FB284D18730076BEAF /* UIView.swift */; };
/* End PBXBuildFile section */

/* Begin PBXFileReference section */
		EC2436C7284BCCEE0076BEAF /* Remember.app */ = {isa = PBXFileReference; explicitFileType = wrapper.application; includeInIndex = 0; path = Remember.app; sourceTree = BUILT_PRODUCTS_DIR; };
		EC2436CA284BCCEE0076BEAF /* AppDelegate.swift */ = {isa = PBXFileReference; lastKnownFileType = sourcecode.swift; path = AppDelegate.swift; sourceTree = "<group>"; };
		EC2436CC284BCCEE0076BEAF /* SceneDelegate.swift */ = {isa = PBXFileReference; lastKnownFileType = sourcecode.swift; path = SceneDelegate.swift; sourceTree = "<group>"; };
		EC2436CE284BCCEE0076BEAF /* MainViewController.swift */ = {isa = PBXFileReference; lastKnownFileType = sourcecode.swift; path = MainViewController.swift; sourceTree = "<group>"; };
		EC2436D3284BCCF00076BEAF /* Assets.xcassets */ = {isa = PBXFileReference; lastKnownFileType = folder.assetcatalog; path = Assets.xcassets; sourceTree = "<group>"; };
		EC2436D6284BCCF00076BEAF /* Base */ = {isa = PBXFileReference; lastKnownFileType = file.storyboard; name = Base; path = Base.lproj/LaunchScreen.storyboard; sourceTree = "<group>"; };
		EC2436D8284BCCF00076BEAF /* Info.plist */ = {isa = PBXFileReference; lastKnownFileType = text.plist.xml; path = Info.plist; sourceTree = "<group>"; };
		EC2436DF284BD0450076BEAF /* UIColor.swift */ = {isa = PBXFileReference; lastKnownFileType = sourcecode.swift; path = UIColor.swift; sourceTree = "<group>"; };
		EC2436E2284BD4E00076BEAF /* UILabel.swift */ = {isa = PBXFileReference; lastKnownFileType = sourcecode.swift; path = UILabel.swift; sourceTree = "<group>"; };
		EC2436E5284BD6090076BEAF /* SetupFont.swift */ = {isa = PBXFileReference; lastKnownFileType = sourcecode.swift; path = SetupFont.swift; sourceTree = "<group>"; };
		EC2436EB284BD9830076BEAF /* UIStackView.swift */ = {isa = PBXFileReference; lastKnownFileType = sourcecode.swift; path = UIStackView.swift; sourceTree = "<group>"; };
		EC2436EE284BE7580076BEAF /* UIButton.swift */ = {isa = PBXFileReference; lastKnownFileType = sourcecode.swift; path = UIButton.swift; sourceTree = "<group>"; };
		EC2436F0284BF30C0076BEAF /* SetupColor.swift */ = {isa = PBXFileReference; lastKnownFileType = sourcecode.swift; path = SetupColor.swift; sourceTree = "<group>"; };
		EC2436F2284BF7080076BEAF /* LoginInViewController.swift */ = {isa = PBXFileReference; lastKnownFileType = sourcecode.swift; path = LoginInViewController.swift; sourceTree = "<group>"; };
		EC2436F6284BFD1F0076BEAF /* SignUpViewController.swift */ = {isa = PBXFileReference; lastKnownFileType = sourcecode.swift; path = SignUpViewController.swift; sourceTree = "<group>"; };
		EC2436F9284C97490076BEAF /* CustomTextField.swift */ = {isa = PBXFileReference; lastKnownFileType = sourcecode.swift; path = CustomTextField.swift; sourceTree = "<group>"; };
		EC2436FB284D18730076BEAF /* UIView.swift */ = {isa = PBXFileReference; lastKnownFileType = sourcecode.swift; path = UIView.swift; sourceTree = "<group>"; };
/* End PBXFileReference section */

/* Begin PBXFrameworksBuildPhase section */
		EC2436C4284BCCED0076BEAF /* Frameworks */ = {
			isa = PBXFrameworksBuildPhase;
			buildActionMask = 2147483647;
			files = (
			);
			runOnlyForDeploymentPostprocessing = 0;
		};
/* End PBXFrameworksBuildPhase section */

/* Begin PBXGroup section */
		EC2436BE284BCCED0076BEAF = {
			isa = PBXGroup;
			children = (
				EC2436C9284BCCEE0076BEAF /* Remember */,
				EC2436C8284BCCEE0076BEAF /* Products */,
			);
			sourceTree = "<group>";
		};
		EC2436C8284BCCEE0076BEAF /* Products */ = {
			isa = PBXGroup;
			children = (
				EC2436C7284BCCEE0076BEAF /* Remember.app */,
			);
			name = Products;
			sourceTree = "<group>";
		};
		EC2436C9284BCCEE0076BEAF /* Remember */ = {
			isa = PBXGroup;
			children = (
				EC2436F5284BFCBA0076BEAF /* Application */,
				EC2436F8284C96F20076BEAF /* View */,
				EC2436F4284BFCAE0076BEAF /* Controllers */,
				EC2436DE284BD0230076BEAF /* Extensions */,
				EC2436E7284BD7060076BEAF /* Resources */,
			);
			path = Remember;
			sourceTree = "<group>";
		};
		EC2436DE284BD0230076BEAF /* Extensions */ = {
			isa = PBXGroup;
			children = (
				EC2436E1284BD4D10076BEAF /* UIKit */,
				EC2436E4284BD5E20076BEAF /* Other */,
			);
			path = Extensions;
			sourceTree = "<group>";
		};
		EC2436E1284BD4D10076BEAF /* UIKit */ = {
			isa = PBXGroup;
			children = (
				EC2436DF284BD0450076BEAF /* UIColor.swift */,
				EC2436E2284BD4E00076BEAF /* UILabel.swift */,
				EC2436EB284BD9830076BEAF /* UIStackView.swift */,
				EC2436EE284BE7580076BEAF /* UIButton.swift */,
				EC2436FB284D18730076BEAF /* UIView.swift */,
			);
			path = UIKit;
			sourceTree = "<group>";
		};
		EC2436E4284BD5E20076BEAF /* Other */ = {
			isa = PBXGroup;
			children = (
				EC2436E5284BD6090076BEAF /* SetupFont.swift */,
				EC2436F0284BF30C0076BEAF /* SetupColor.swift */,
			);
			path = Other;
			sourceTree = "<group>";
		};
		EC2436E7284BD7060076BEAF /* Resources */ = {
			isa = PBXGroup;
			children = (
				EC2436D3284BCCF00076BEAF /* Assets.xcassets */,
				EC2436D5284BCCF00076BEAF /* LaunchScreen.storyboard */,
				EC2436D8284BCCF00076BEAF /* Info.plist */,
			);
			path = Resources;
			sourceTree = "<group>";
		};
		EC2436F4284BFCAE0076BEAF /* Controllers */ = {
			isa = PBXGroup;
			children = (
				EC2436CE284BCCEE0076BEAF /* MainViewController.swift */,
				EC2436F2284BF7080076BEAF /* LoginInViewController.swift */,
				EC2436F6284BFD1F0076BEAF /* SignUpViewController.swift */,
			);
			path = Controllers;
			sourceTree = "<group>";
		};
		EC2436F5284BFCBA0076BEAF /* Application */ = {
			isa = PBXGroup;
			children = (
				EC2436CA284BCCEE0076BEAF /* AppDelegate.swift */,
				EC2436CC284BCCEE0076BEAF /* SceneDelegate.swift */,
			);
			path = Application;
			sourceTree = "<group>";
		};
		EC2436F8284C96F20076BEAF /* View */ = {
			isa = PBXGroup;
			children = (
				EC2436F9284C97490076BEAF /* CustomTextField.swift */,
			);
			path = View;
			sourceTree = "<group>";
		};
/* End PBXGroup section */

/* Begin PBXNativeTarget section */
		EC2436C6284BCCED0076BEAF /* Remember */ = {
			isa = PBXNativeTarget;
			buildConfigurationList = EC2436DB284BCCF00076BEAF /* Build configuration list for PBXNativeTarget "Remember" */;
			buildPhases = (
				EC2436C3284BCCED0076BEAF /* Sources */,
				EC2436C4284BCCED0076BEAF /* Frameworks */,
				EC2436C5284BCCED0076BEAF /* Resources */,
			);
			buildRules = (
			);
			dependencies = (
			);
			name = Remember;
			productName = Remember;
			productReference = EC2436C7284BCCEE0076BEAF /* Remember.app */;
			productType = "com.apple.product-type.application";
		};
/* End PBXNativeTarget section */

/* Begin PBXProject section */
		EC2436BF284BCCED0076BEAF /* Project object */ = {
			isa = PBXProject;
			attributes = {
				BuildIndependentTargetsInParallel = 1;
				LastSwiftUpdateCheck = 1320;
				LastUpgradeCheck = 1320;
				TargetAttributes = {
					EC2436C6284BCCED0076BEAF = {
						CreatedOnToolsVersion = 13.2.1;
					};
				};
			};
			buildConfigurationList = EC2436C2284BCCED0076BEAF /* Build configuration list for PBXProject "Remember" */;
			compatibilityVersion = "Xcode 13.0";
			developmentRegion = en;
			hasScannedForEncodings = 0;
			knownRegions = (
				en,
				Base,
			);
			mainGroup = EC2436BE284BCCED0076BEAF;
			productRefGroup = EC2436C8284BCCEE0076BEAF /* Products */;
			projectDirPath = "";
			projectRoot = "";
			targets = (
				EC2436C6284BCCED0076BEAF /* Remember */,
			);
		};
/* End PBXProject section */

/* Begin PBXResourcesBuildPhase section */
		EC2436C5284BCCED0076BEAF /* Resources */ = {
			isa = PBXResourcesBuildPhase;
			buildActionMask = 2147483647;
			files = (
				EC2436D7284BCCF00076BEAF /* LaunchScreen.storyboard in Resources */,
				EC2436D4284BCCF00076BEAF /* Assets.xcassets in Resources */,
			);
			runOnlyForDeploymentPostprocessing = 0;
		};
/* End PBXResourcesBuildPhase section */

/* Begin PBXSourcesBuildPhase section */
		EC2436C3284BCCED0076BEAF /* Sources */ = {
			isa = PBXSourcesBuildPhase;
			buildActionMask = 2147483647;
			files = (
				EC2436FC284D18730076BEAF /* UIView.swift in Sources */,
				EC2436F7284BFD1F0076BEAF /* SignUpViewController.swift in Sources */,
				EC2436E3284BD4E00076BEAF /* UILabel.swift in Sources */,
				EC2436CF284BCCEE0076BEAF /* MainViewController.swift in Sources */,
				EC2436F1284BF30C0076BEAF /* SetupColor.swift in Sources */,
				EC2436F3284BF7080076BEAF /* LoginInViewController.swift in Sources */,
				EC2436EC284BD9830076BEAF /* UIStackView.swift in Sources */,
				EC2436EF284BE7580076BEAF /* UIButton.swift in Sources */,
				EC2436E6284BD6090076BEAF /* SetupFont.swift in Sources */,
				EC2436FA284C97490076BEAF /* CustomTextField.swift in Sources */,
				EC2436E0284BD0450076BEAF /* UIColor.swift in Sources */,
				EC2436CB284BCCEE0076BEAF /* AppDelegate.swift in Sources */,
				EC2436CD284BCCEE0076BEAF /* SceneDelegate.swift in Sources */,
			);
			runOnlyForDeploymentPostprocessing = 0;
		};
/* End PBXSourcesBuildPhase section */

/* Begin PBXVariantGroup section */
		EC2436D5284BCCF00076BEAF /* LaunchScreen.storyboard */ = {
			isa = PBXVariantGroup;
			children = (
				EC2436D6284BCCF00076BEAF /* Base */,
			);
			name = LaunchScreen.storyboard;
			sourceTree = "<group>";
		};
/* End PBXVariantGroup section */

/* Begin XCBuildConfiguration section */
		EC2436D9284BCCF00076BEAF /* Debug */ = {
			isa = XCBuildConfiguration;
			buildSettings = {
				ALWAYS_SEARCH_USER_PATHS = NO;
				CLANG_ANALYZER_NONNULL = YES;
				CLANG_ANALYZER_NUMBER_OBJECT_CONVERSION = YES_AGGRESSIVE;
				CLANG_CXX_LANGUAGE_STANDARD = "gnu++17";
				CLANG_CXX_LIBRARY = "libc++";
				CLANG_ENABLE_MODULES = YES;
				CLANG_ENABLE_OBJC_ARC = YES;
				CLANG_ENABLE_OBJC_WEAK = YES;
				CLANG_WARN_BLOCK_CAPTURE_AUTORELEASING = YES;
				CLANG_WARN_BOOL_CONVERSION = YES;
				CLANG_WARN_COMMA = YES;
				CLANG_WARN_CONSTANT_CONVERSION = YES;
				CLANG_WARN_DEPRECATED_OBJC_IMPLEMENTATIONS = YES;
				CLANG_WARN_DIRECT_OBJC_ISA_USAGE = YES_ERROR;
				CLANG_WARN_DOCUMENTATION_COMMENTS = YES;
				CLANG_WARN_EMPTY_BODY = YES;
				CLANG_WARN_ENUM_CONVERSION = YES;
				CLANG_WARN_INFINITE_RECURSION = YES;
				CLANG_WARN_INT_CONVERSION = YES;
				CLANG_WARN_NON_LITERAL_NULL_CONVERSION = YES;
				CLANG_WARN_OBJC_IMPLICIT_RETAIN_SELF = YES;
				CLANG_WARN_OBJC_LITERAL_CONVERSION = YES;
				CLANG_WARN_OBJC_ROOT_CLASS = YES_ERROR;
				CLANG_WARN_QUOTED_INCLUDE_IN_FRAMEWORK_HEADER = YES;
				CLANG_WARN_RANGE_LOOP_ANALYSIS = YES;
				CLANG_WARN_STRICT_PROTOTYPES = YES;
				CLANG_WARN_SUSPICIOUS_MOVE = YES;
				CLANG_WARN_UNGUARDED_AVAILABILITY = YES_AGGRESSIVE;
				CLANG_WARN_UNREACHABLE_CODE = YES;
				CLANG_WARN__DUPLICATE_METHOD_MATCH = YES;
				COPY_PHASE_STRIP = NO;
				DEBUG_INFORMATION_FORMAT = dwarf;
				ENABLE_STRICT_OBJC_MSGSEND = YES;
				ENABLE_TESTABILITY = YES;
				GCC_C_LANGUAGE_STANDARD = gnu11;
				GCC_DYNAMIC_NO_PIC = NO;
				GCC_NO_COMMON_BLOCKS = YES;
				GCC_OPTIMIZATION_LEVEL = 0;
				GCC_PREPROCESSOR_DEFINITIONS = (
					"DEBUG=1",
					"$(inherited)",
				);
				GCC_WARN_64_TO_32_BIT_CONVERSION = YES;
				GCC_WARN_ABOUT_RETURN_TYPE = YES_ERROR;
				GCC_WARN_UNDECLARED_SELECTOR = YES;
				GCC_WARN_UNINITIALIZED_AUTOS = YES_AGGRESSIVE;
				GCC_WARN_UNUSED_FUNCTION = YES;
				GCC_WARN_UNUSED_VARIABLE = YES;
				IPHONEOS_DEPLOYMENT_TARGET = 15.2;
				MTL_ENABLE_DEBUG_INFO = INCLUDE_SOURCE;
				MTL_FAST_MATH = YES;
				ONLY_ACTIVE_ARCH = YES;
				SDKROOT = iphoneos;
				SWIFT_ACTIVE_COMPILATION_CONDITIONS = DEBUG;
				SWIFT_OPTIMIZATION_LEVEL = "-Onone";
			};
			name = Debug;
		};
		EC2436DA284BCCF00076BEAF /* Release */ = {
			isa = XCBuildConfiguration;
			buildSettings = {
				ALWAYS_SEARCH_USER_PATHS = NO;
				CLANG_ANALYZER_NONNULL = YES;
				CLANG_ANALYZER_NUMBER_OBJECT_CONVERSION = YES_AGGRESSIVE;
				CLANG_CXX_LANGUAGE_STANDARD = "gnu++17";
				CLANG_CXX_LIBRARY = "libc++";
				CLANG_ENABLE_MODULES = YES;
				CLANG_ENABLE_OBJC_ARC = YES;
				CLANG_ENABLE_OBJC_WEAK = YES;
				CLANG_WARN_BLOCK_CAPTURE_AUTORELEASING = YES;
				CLANG_WARN_BOOL_CONVERSION = YES;
				CLANG_WARN_COMMA = YES;
				CLANG_WARN_CONSTANT_CONVERSION = YES;
				CLANG_WARN_DEPRECATED_OBJC_IMPLEMENTATIONS = YES;
				CLANG_WARN_DIRECT_OBJC_ISA_USAGE = YES_ERROR;
				CLANG_WARN_DOCUMENTATION_COMMENTS = YES;
				CLANG_WARN_EMPTY_BODY = YES;
				CLANG_WARN_ENUM_CONVERSION = YES;
				CLANG_WARN_INFINITE_RECURSION = YES;
				CLANG_WARN_INT_CONVERSION = YES;
				CLANG_WARN_NON_LITERAL_NULL_CONVERSION = YES;
				CLANG_WARN_OBJC_IMPLICIT_RETAIN_SELF = YES;
				CLANG_WARN_OBJC_LITERAL_CONVERSION = YES;
				CLANG_WARN_OBJC_ROOT_CLASS = YES_ERROR;
				CLANG_WARN_QUOTED_INCLUDE_IN_FRAMEWORK_HEADER = YES;
				CLANG_WARN_RANGE_LOOP_ANALYSIS = YES;
				CLANG_WARN_STRICT_PROTOTYPES = YES;
				CLANG_WARN_SUSPICIOUS_MOVE = YES;
				CLANG_WARN_UNGUARDED_AVAILABILITY = YES_AGGRESSIVE;
				CLANG_WARN_UNREACHABLE_CODE = YES;
				CLANG_WARN__DUPLICATE_METHOD_MATCH = YES;
				COPY_PHASE_STRIP = NO;
				DEBUG_INFORMATION_FORMAT = "dwarf-with-dsym";
				ENABLE_NS_ASSERTIONS = NO;
				ENABLE_STRICT_OBJC_MSGSEND = YES;
				GCC_C_LANGUAGE_STANDARD = gnu11;
				GCC_NO_COMMON_BLOCKS = YES;
				GCC_WARN_64_TO_32_BIT_CONVERSION = YES;
				GCC_WARN_ABOUT_RETURN_TYPE = YES_ERROR;
				GCC_WARN_UNDECLARED_SELECTOR = YES;
				GCC_WARN_UNINITIALIZED_AUTOS = YES_AGGRESSIVE;
				GCC_WARN_UNUSED_FUNCTION = YES;
				GCC_WARN_UNUSED_VARIABLE = YES;
				IPHONEOS_DEPLOYMENT_TARGET = 15.2;
				MTL_ENABLE_DEBUG_INFO = NO;
				MTL_FAST_MATH = YES;
				SDKROOT = iphoneos;
				SWIFT_COMPILATION_MODE = wholemodule;
				SWIFT_OPTIMIZATION_LEVEL = "-O";
				VALIDATE_PRODUCT = YES;
			};
			name = Release;
		};
		EC2436DC284BCCF00076BEAF /* Debug */ = {
			isa = XCBuildConfiguration;
			buildSettings = {
				ASSETCATALOG_COMPILER_APPICON_NAME = AppIcon;
				ASSETCATALOG_COMPILER_GLOBAL_ACCENT_COLOR_NAME = AccentColor;
				CODE_SIGN_STYLE = Automatic;
				CURRENT_PROJECT_VERSION = 1;
				DEVELOPMENT_TEAM = XH6VKLGZNV;
				GENERATE_INFOPLIST_FILE = YES;
				INFOPLIST_FILE = Remember/Resources/Info.plist;
				INFOPLIST_KEY_UIApplicationSupportsIndirectInputEvents = YES;
				INFOPLIST_KEY_UILaunchStoryboardName = LaunchScreen;
				INFOPLIST_KEY_UISupportedInterfaceOrientations = UIInterfaceOrientationPortrait;
				INFOPLIST_KEY_UISupportedInterfaceOrientations_iPad = "UIInterfaceOrientationPortrait UIInterfaceOrientationPortraitUpsideDown UIInterfaceOrientationLandscapeLeft UIInterfaceOrientationLandscapeRight";
				INFOPLIST_KEY_UISupportedInterfaceOrientations_iPhone = "UIInterfaceOrientationPortrait UIInterfaceOrientationLandscapeLeft UIInterfaceOrientationLandscapeRight";
				LD_RUNPATH_SEARCH_PATHS = (
					"$(inherited)",
					"@executable_path/Frameworks",
				);
				MARKETING_VERSION = 1.0;
				PRODUCT_BUNDLE_IDENTIFIER = com.maksimbotalov.Remember;
				PRODUCT_NAME = "$(TARGET_NAME)";
				SWIFT_EMIT_LOC_STRINGS = YES;
				SWIFT_VERSION = 5.0;
				TARGETED_DEVICE_FAMILY = 1;
			};
			name = Debug;
		};
		EC2436DD284BCCF00076BEAF /* Release */ = {
			isa = XCBuildConfiguration;
			buildSettings = {
				ASSETCATALOG_COMPILER_APPICON_NAME = AppIcon;
				ASSETCATALOG_COMPILER_GLOBAL_ACCENT_COLOR_NAME = AccentColor;
				CODE_SIGN_STYLE = Automatic;
				CURRENT_PROJECT_VERSION = 1;
				DEVELOPMENT_TEAM = XH6VKLGZNV;
				GENERATE_INFOPLIST_FILE = YES;
				INFOPLIST_FILE = Remember/Resources/Info.plist;
				INFOPLIST_KEY_UIApplicationSupportsIndirectInputEvents = YES;
				INFOPLIST_KEY_UILaunchStoryboardName = LaunchScreen;
				INFOPLIST_KEY_UISupportedInterfaceOrientations = UIInterfaceOrientationPortrait;
				INFOPLIST_KEY_UISupportedInterfaceOrientations_iPad = "UIInterfaceOrientationPortrait UIInterfaceOrientationPortraitUpsideDown UIInterfaceOrientationLandscapeLeft UIInterfaceOrientationLandscapeRight";
				INFOPLIST_KEY_UISupportedInterfaceOrientations_iPhone = "UIInterfaceOrientationPortrait UIInterfaceOrientationLandscapeLeft UIInterfaceOrientationLandscapeRight";
				LD_RUNPATH_SEARCH_PATHS = (
					"$(inherited)",
					"@executable_path/Frameworks",
				);
				MARKETING_VERSION = 1.0;
				PRODUCT_BUNDLE_IDENTIFIER = com.maksimbotalov.Remember;
				PRODUCT_NAME = "$(TARGET_NAME)";
				SWIFT_EMIT_LOC_STRINGS = YES;
				SWIFT_VERSION = 5.0;
				TARGETED_DEVICE_FAMILY = 1;
			};
			name = Release;
		};
/* End XCBuildConfiguration section */

/* Begin XCConfigurationList section */
		EC2436C2284BCCED0076BEAF /* Build configuration list for PBXProject "Remember" */ = {
			isa = XCConfigurationList;
			buildConfigurations = (
				EC2436D9284BCCF00076BEAF /* Debug */,
				EC2436DA284BCCF00076BEAF /* Release */,
			);
			defaultConfigurationIsVisible = 0;
			defaultConfigurationName = Release;
		};
		EC2436DB284BCCF00076BEAF /* Build configuration list for PBXNativeTarget "Remember" */ = {
			isa = XCConfigurationList;
			buildConfigurations = (
				EC2436DC284BCCF00076BEAF /* Debug */,
				EC2436DD284BCCF00076BEAF /* Release */,
			);
			defaultConfigurationIsVisible = 0;
			defaultConfigurationName = Release;
		};
/* End XCConfigurationList section */
	};
	rootObject = EC2436BF284BCCED0076BEAF /* Project object */;
}
